{
    "name": "example-project",
    "lockfileVersion": 2,
    "requires": true,
    "packages": {
        "": {
            "name": "example-project",
            "dependencies": {
                "react-simple-image-slider": "^2.3.0"
            },
            "engines": {
                "node": ">= 14"
            }
        },
        "node_modules/react-simple-image-slider": {
            "version": "2.3.0",
            "resolved": "https://registry.npmjs.org/react-simple-image-slider/-/react-simple-image-slider-2.3.0.tgz",
            "integrity": "sha512-oVira6wedep7v+ltBKNRtLKCY5ZgJB8bOjWpc9faUTB0Pa4ZdufKkxoEiH+Dke4rKHpzaV7TyuMI3sjTP6JRAw=="
        }
    },
    "dependencies": {
        "react-simple-image-slider": {
            "version": "2.3.0",
            "resolved": "https://registry.npmjs.org/react-simple-image-slider/-/react-simple-image-slider-2.3.0.tgz",
            "integrity": "sha512-oVira6wedep7v+ltBKNRtLKCY5ZgJB8bOjWpc9faUTB0Pa4ZdufKkxoEiH+Dke4rKHpzaV7TyuMI3sjTP6JRAw=="
        }
    }
}
